
Microsoft Visual Studio Solution File, Format Version 12.00
# Visual Studio Version 16
VisualStudioVersion = 16.0.36631.11
MinimumVisualStudioVersion = 10.0.40219.1
Project("{888888A0-9F3D-457C-B088-3A5042F75D52}") = "TrackField", "TrackField\TrackField.pyproj", "{C7F1E410-CE02-4FE0-92E8-800222B60A9D}"
EndProject
Global
	GlobalSection(SolutionConfigurationPlatforms) = preSolution
		Debug|Any CPU = Debug|Any CPU
		Release|Any CPU = Release|Any CPU
	EndGlobalSection
	GlobalSection(ProjectConfigurationPlatforms) = postSolution
		{C7F1E410-CE02-4FE0-92E8-800222B60A9D}.Debug|Any CPU.ActiveCfg = Debug|Any CPU
		{C7F1E410-CE02-4FE0-92E8-800222B60A9D}.Debug|Any CPU.Build.0 = Debug|Any CPU
		{C7F1E410-CE02-4FE0-92E8-800222B60A9D}.Release|Any CPU.ActiveCfg = Release|Any CPU
		{C7F1E410-CE02-4FE0-92E8-800222B60A9D}.Release|Any CPU.Build.0 = Release|Any CPU
	EndGlobalSection
	GlobalSection(SolutionProperties) = preSolution
		HideSolutionNode = FALSE
	EndGlobalSection
	GlobalSection(ExtensibilityGlobals) = postSolution
		SolutionGuid = {137FD2E8-2151-482D-9E6D-37CF63BCBEF8}
	EndGlobalSection
EndGlobal
